
Microsoft Visual Studio Solution File, Format Version 12.00
# Visual Studio Version 17
VisualStudioVersion = 17.5.33103.201
MinimumVisualStudioVersion = 10.0.40219.1
Project("{9A19103F-16F7-4668-BE54-9A1E7A4F7556}") = "RestWithAspNetUdemy", "RestWithAspNetUdemy\RestWithAspNetUdemy.csproj", "{1E0C659D-AF31-4663-B3C8-6E533CC26A59}"
EndProject
Project("{E53339B2-1760-4266-BCC7-CA923CBCF16C}") = "docker-compose", "docker-compose.dcproj", "{69656B65-6A5D-4E7E-8972-5F7DC3F0487F}"
EndProject
Global
	GlobalSection(SolutionConfigurationPlatforms) = preSolution
		Debug|Any CPU = Debug|Any CPU
		Release|Any CPU = Release|Any CPU
	EndGlobalSection
	GlobalSection(ProjectConfigurationPlatforms) = postSolution
		{1E0C659D-AF31-4663-B3C8-6E533CC26A59}.Debug|Any CPU.ActiveCfg = Debug|Any CPU
		{1E0C659D-AF31-4663-B3C8-6E533CC26A59}.Debug|Any CPU.Build.0 = Debug|Any CPU
		{1E0C659D-AF31-4663-B3C8-6E533CC26A59}.Release|Any CPU.ActiveCfg = Release|Any CPU
		{1E0C659D-AF31-4663-B3C8-6E533CC26A59}.Release|Any CPU.Build.0 = Release|Any CPU
		{69656B65-6A5D-4E7E-8972-5F7DC3F0487F}.Debug|Any CPU.ActiveCfg = Debug|Any CPU
		{69656B65-6A5D-4E7E-8972-5F7DC3F0487F}.Debug|Any CPU.Build.0 = Debug|Any CPU
		{69656B65-6A5D-4E7E-8972-5F7DC3F0487F}.Release|Any CPU.ActiveCfg = Release|Any CPU
		{69656B65-6A5D-4E7E-8972-5F7DC3F0487F}.Release|Any CPU.Build.0 = Release|Any CPU
	EndGlobalSection
	GlobalSection(SolutionProperties) = preSolution
		HideSolutionNode = FALSE
	EndGlobalSection
	GlobalSection(ExtensibilityGlobals) = postSolution
		SolutionGuid = {07B43FE9-DE4E-4052-BC8B-499B2DB41CEA}
	EndGlobalSection
EndGlobal
